PODS:
  - AddressGeocoder (0.0.1):
    - Result
  - Result (3.0.0)

DEPENDENCIES:
  - AddressGeocoder (from `../`)
  - Result

EXTERNAL SOURCES:
  AddressGeocoder:
    :path: "../"

SPEC CHECKSUMS:
  AddressGeocoder: ac9d2de57d05decda7b9cb87e4a2abad64d4f60b
  Result: 1b3e431f37cbcd3ad89c6aa9ab0ae55515fae3b6

PODFILE CHECKSUM: 38600716df3526ad65bdba6fec2aafb4e79373eb

COCOAPODS: 1.1.1
